
Microsoft Visual Studio Solution File, Format Version 12.00
# Visual Studio Version 16
VisualStudioVersion = 16.0.32630.194
MinimumVisualStudioVersion = 10.0.40219.1
Project("{FAE04EC0-301F-11D3-BF4B-00C04F79EFBC}") = "UTool", "UTool\UTool.csproj", "{5F90C59D-6578-4A6D-A648-4F9F07D1B8B2}"
EndProject
Global
	GlobalSection(SolutionConfigurationPlatforms) = preSolution
		Debug|Any CPU = Debug|Any CPU
		Release|Any CPU = Release|Any CPU
	EndGlobalSection
	GlobalSection(ProjectConfigurationPlatforms) = postSolution
		{5F90C59D-6578-4A6D-A648-4F9F07D1B8B2}.Debug|Any CPU.ActiveCfg = Debug|Any CPU
		{5F90C59D-6578-4A6D-A648-4F9F07D1B8B2}.Debug|Any CPU.Build.0 = Debug|Any CPU
		{5F90C59D-6578-4A6D-A648-4F9F07D1B8B2}.Release|Any CPU.ActiveCfg = Release|Any CPU
		{5F90C59D-6578-4A6D-A648-4F9F07D1B8B2}.Release|Any CPU.Build.0 = Release|Any CPU
	EndGlobalSection
	GlobalSection(SolutionProperties) = preSolution
		HideSolutionNode = FALSE
	EndGlobalSection
	GlobalSection(ExtensibilityGlobals) = postSolution
		SolutionGuid = {A30E10C2-8F27-44ED-95B1-C46048FCAEE4}
	EndGlobalSection
EndGlobal
